
Microsoft Visual Studio Solution File, Format Version 12.00
Project("{FAE04EC0-301F-11D3-BF4B-00C04F79EFBC}") = "AcademiaIMC", "AcademiaIMC.csproj", "{0DBAC290-C517-4E33-A983-7F99609423FB}"
EndProject
Global
	GlobalSection(SolutionConfigurationPlatforms) = preSolution
		Debug|Any CPU = Debug|Any CPU
		Release|Any CPU = Release|Any CPU
	EndGlobalSection
	GlobalSection(ProjectConfigurationPlatforms) = postSolution
		{0DBAC290-C517-4E33-A983-7F99609423FB}.Debug|Any CPU.ActiveCfg = Debug|Any CPU
		{0DBAC290-C517-4E33-A983-7F99609423FB}.Debug|Any CPU.Build.0 = Debug|Any CPU
		{0DBAC290-C517-4E33-A983-7F99609423FB}.Release|Any CPU.ActiveCfg = Release|Any CPU
		{0DBAC290-C517-4E33-A983-7F99609423FB}.Release|Any CPU.Build.0 = Release|Any CPU
	EndGlobalSection
EndGlobal
